{
  "version": "5",
  "specifiers": {
    "jsr:@cliffy/ansi@1.0.0": "1.0.0",
    "jsr:@cliffy/internal@1.0.0": "1.0.0",
    "jsr:@cliffy/keycode@1.0.0": "1.0.0",
    "jsr:@cliffy/prompt@1": "1.0.0",
    "jsr:@std/assert@1": "1.0.19",
    "jsr:@std/assert@^1.0.18": "1.0.19",
    "jsr:@std/cli@^1.0.28": "1.0.28",
    "jsr:@std/encoding@^1.0.10": "1.0.10",
    "jsr:@std/fmt@^1.0.9": "1.0.9",
    "jsr:@std/internal@^1.0.12": "1.0.12",
    "jsr:@std/io@~0.225.3": "0.225.3",
    "jsr:@std/path@^1.1.4": "1.1.4",
    "jsr:@std/semver@^1.0.3": "1.0.5",
    "jsr:@std/text@^1.0.17": "1.0.17",
    "npm:@biomejs/biome@*": "2.4.4"
  },
  "jsr": {
    "@cliffy/ansi@1.0.0": {
      "integrity": "987008f74e50aa72cc1517ffccc769711734a14927bc4599e052efe1b9a840e2",
      "dependencies": [
        "jsr:@cliffy/internal",
        "jsr:@std/encoding",
        "jsr:@std/io"
      ]
    },
    "@cliffy/internal@1.0.0": {
      "integrity": "1e17ccbcd5420093c0a93e5b3827bbdc9abac5195bacf187edc44665e54bdde6"
    },
    "@cliffy/keycode@1.0.0": {
      "integrity": "755dbf007be110dcb5625f87eb61b362b6a0ca6835453af03ebd3b34d399cf14"
    },
    "@cliffy/prompt@1.0.0": {
      "integrity": "48b4cd35199fda7832f35e1fe0a3e8bc2b1ea49ba57b4ec0e29e22db44e8ca9f",
      "dependencies": [
        "jsr:@cliffy/ansi",
        "jsr:@cliffy/internal",
        "jsr:@cliffy/keycode",
        "jsr:@std/assert@^1.0.18",
        "jsr:@std/fmt",
        "jsr:@std/io",
        "jsr:@std/path",
        "jsr:@std/text"
      ]
    },
    "@std/assert@1.0.19": {
      "integrity": "eaada96ee120cb980bc47e040f82814d786fe8162ecc53c91d8df60b8755991e",
      "dependencies": [
        "jsr:@std/internal"
      ]
    },
    "@std/cli@1.0.28": {
      "integrity": "74ef9b976db59ca6b23a5283469c9072be6276853807a83ec6c7ce412135c70a",
      "dependencies": [
        "jsr:@std/fmt",
        "jsr:@std/internal"
      ]
    },
    "@std/encoding@1.0.10": {
      "integrity": "8783c6384a2d13abd5e9e87a7ae0520a30e9f56aeeaa3bdf910a3eaaf5c811a1"
    },
    "@std/fmt@1.0.9": {
      "integrity": "2487343e8899fb2be5d0e3d35013e54477ada198854e52dd05ed0422eddcabe0"
    },
    "@std/internal@1.0.12": {
      "integrity": "972a634fd5bc34b242024402972cd5143eac68d8dffaca5eaa4dba30ce17b027"
    },
    "@std/io@0.225.3": {
      "integrity": "27b07b591384d12d7b568f39e61dff966b8230559122df1e9fd11cc068f7ddd1"
    },
    "@std/path@1.1.4": {
      "integrity": "1d2d43f39efb1b42f0b1882a25486647cb851481862dc7313390b2bb044314b5",
      "dependencies": [
        "jsr:@std/internal"
      ]
    },
    "@std/semver@1.0.5": {
      "integrity": "529f79e83705714c105ad0ba55bec0f9da0f24d2f726b6cc1c15e505cc2c0624"
    },
    "@std/text@1.0.17": {
      "integrity": "4b2c4ef67ae5b6c1dfd447c81c83a43718f52e3c7e748d8b33f694aba9895f95"
    }
  },
  "npm": {
    "@biomejs/biome@2.4.4": {
      "integrity": "sha512-tigwWS5KfJf0cABVd52NVaXyAVv4qpUXOWJ1rxFL8xF1RVoeS2q/LK+FHgYoKMclJCuRoCWAPy1IXaN9/mS61Q==",
      "optionalDependencies": [
        "@biomejs/cli-darwin-arm64",
        "@biomejs/cli-darwin-x64",
        "@biomejs/cli-linux-arm64",
        "@biomejs/cli-linux-arm64-musl",
        "@biomejs/cli-linux-x64",
        "@biomejs/cli-linux-x64-musl",
        "@biomejs/cli-win32-arm64",
        "@biomejs/cli-win32-x64"
      ],
      "bin": true,
      "tarball": "https://registry.npmmirror.com/@biomejs/biome/-/biome-2.4.4.tgz"
    },
    "@biomejs/cli-darwin-arm64@2.4.4": {
      "integrity": "sha512-jZ+Xc6qvD6tTH5jM6eKX44dcbyNqJHssfl2nnwT6vma6B1sj7ZLTGIk6N5QwVBs5xGN52r3trk5fgd3sQ9We9A==",
      "os": ["darwin"],
      "cpu": ["arm64"],
      "tarball": "https://registry.npmmirror.com/@biomejs/cli-darwin-arm64/-/cli-darwin-arm64-2.4.4.tgz"
    },
    "@biomejs/cli-darwin-x64@2.4.4": {
      "integrity": "sha512-Dh1a/+W+SUCXhEdL7TiX3ArPTFCQKJTI1mGncZNWfO+6suk+gYA4lNyJcBB+pwvF49uw0pEbUS49BgYOY4hzUg==",
      "os": ["darwin"],
      "cpu": ["x64"],
      "tarball": "https://registry.npmmirror.com/@biomejs/cli-darwin-x64/-/cli-darwin-x64-2.4.4.tgz"
    },
    "@biomejs/cli-linux-arm64-musl@2.4.4": {
      "integrity": "sha512-+sPAXq3bxmFwhVFJnSwkSF5Rw2ZAJMH3MF6C9IveAEOdSpgajPhoQhbbAK12SehN9j2QrHpk4J/cHsa/HqWaYQ==",
      "os": ["linux"],
      "cpu": ["arm64"],
      "tarball": "https://registry.npmmirror.com/@biomejs/cli-linux-arm64-musl/-/cli-linux-arm64-musl-2.4.4.tgz"
    },
    "@biomejs/cli-linux-arm64@2.4.4": {
      "integrity": "sha512-V/NFfbWhsUU6w+m5WYbBenlEAz8eYnSqRMDMAW3K+3v0tYVkNyZn8VU0XPxk/lOqNXLSCCrV7FmV/u3SjCBShg==",
      "os": ["linux"],
      "cpu": ["arm64"],
      "tarball": "https://registry.npmmirror.com/@biomejs/cli-linux-arm64/-/cli-linux-arm64-2.4.4.tgz"
    },
    "@biomejs/cli-linux-x64-musl@2.4.4": {
      "integrity": "sha512-gGvFTGpOIQDb5CQ2VC0n9Z2UEqlP46c4aNgHmAMytYieTGEcfqhfCFnhs6xjt0S3igE6q5GLuIXtdQt3Izok+g==",
      "os": ["linux"],
      "cpu": ["x64"],
      "tarball": "https://registry.npmmirror.com/@biomejs/cli-linux-x64-musl/-/cli-linux-x64-musl-2.4.4.tgz"
    },
    "@biomejs/cli-linux-x64@2.4.4": {
      "integrity": "sha512-R4+ZCDtG9kHArasyBO+UBD6jr/FcFCTH8QkNTOCu0pRJzCWyWC4EtZa2AmUZB5h3e0jD7bRV2KvrENcf8rndBg==",
      "os": ["linux"],
      "cpu": ["x64"],
      "tarball": "https://registry.npmmirror.com/@biomejs/cli-linux-x64/-/cli-linux-x64-2.4.4.tgz"
    },
    "@biomejs/cli-win32-arm64@2.4.4": {
      "integrity": "sha512-trzCqM7x+Gn832zZHgr28JoYagQNX4CZkUZhMUac2YxvvyDRLJDrb5m9IA7CaZLlX6lTQmADVfLEKP1et1Ma4Q==",
      "os": ["win32"],
      "cpu": ["arm64"],
      "tarball": "https://registry.npmmirror.com/@biomejs/cli-win32-arm64/-/cli-win32-arm64-2.4.4.tgz"
    },
    "@biomejs/cli-win32-x64@2.4.4": {
      "integrity": "sha512-gnOHKVPFAAPrpoPt2t+Q6FZ7RPry/FDV3GcpU53P3PtLNnQjBmKyN2Vh/JtqXet+H4pme8CC76rScwdjDcT1/A==",
      "os": ["win32"],
      "cpu": ["x64"],
      "tarball": "https://registry.npmmirror.com/@biomejs/cli-win32-x64/-/cli-win32-x64-2.4.4.tgz"
    }
  },
  "workspace": {
    "dependencies": [
      "jsr:@cliffy/prompt@1",
      "jsr:@std/assert@1",
      "jsr:@std/cli@^1.0.28",
      "jsr:@std/fmt@^1.0.9",
      "jsr:@std/path@^1.1.4",
      "jsr:@std/semver@^1.0.3"
    ]
  }
}
